
Microsoft Visual Studio Solution File, Format Version 12.00
# Visual Studio Version 16
VisualStudioVersion = 16.0.30523.141
MinimumVisualStudioVersion = 10.0.40219.1
Project("{FAE04EC0-301F-11D3-BF4B-00C04F79EFBC}") = "HOLAMUNDO", "HOLAMUNDO.csproj", "{9AA1496C-6E8F-44ED-97CD-9C12757FD23F}"
EndProject
Global
	GlobalSection(SolutionConfigurationPlatforms) = preSolution
		Debug|Any CPU = Debug|Any CPU
		Release|Any CPU = Release|Any CPU
	EndGlobalSection
	GlobalSection(ProjectConfigurationPlatforms) = postSolution
		{9AA1496C-6E8F-44ED-97CD-9C12757FD23F}.Debug|Any CPU.ActiveCfg = Debug|Any CPU
		{9AA1496C-6E8F-44ED-97CD-9C12757FD23F}.Debug|Any CPU.Build.0 = Debug|Any CPU
		{9AA1496C-6E8F-44ED-97CD-9C12757FD23F}.Release|Any CPU.ActiveCfg = Release|Any CPU
		{9AA1496C-6E8F-44ED-97CD-9C12757FD23F}.Release|Any CPU.Build.0 = Release|Any CPU
	EndGlobalSection
	GlobalSection(SolutionProperties) = preSolution
		HideSolutionNode = FALSE
	EndGlobalSection
	GlobalSection(ExtensibilityGlobals) = postSolution
		SolutionGuid = {069D2AFB-3336-431C-B3EF-AE994E5AFEF7}
	EndGlobalSection
EndGlobal
